
Microsoft Visual Studio Solution File, Format Version 12.00
# Visual Studio Version 16
VisualStudioVersion = 16.0.31402.337
MinimumVisualStudioVersion = 10.0.40219.1
Project("{FAE04EC0-301F-11D3-BF4B-00C04F79EFBC}") = "Csharp.Capitulo01.Sintaxe", "Csharp.Capitulo01.Sintaxe\Csharp.Capitulo01.Sintaxe.csproj", "{B02C0B2E-E220-4F7D-97D7-C07B41407524}"
EndProject
Project("{9A19103F-16F7-4668-BE54-9A1E7A4F7556}") = "Csharp.Capitulo01.ValeTransporte", "Csharp.Capitulo01.ValeTransporte\Csharp.Capitulo01.ValeTransporte.csproj", "{690D3436-00C0-44E2-976A-C62028B4D096}"
EndProject
Project("{9A19103F-16F7-4668-BE54-9A1E7A4F7556}") = "Csharp.Capitulo02.GeradorSenha", "Csharp.Capitulo02.GeradorSenha\Csharp.Capitulo02.GeradorSenha.csproj", "{39E16A96-67BE-46F5-A4A0-7C603BDB1292}"
EndProject
Project("{9A19103F-16F7-4668-BE54-9A1E7A4F7556}") = "Csharp.Capitulo02.EstruturasControle.Testes", "Csharp.Capitulo02.EstruturasControle.Testes\Csharp.Capitulo02.EstruturasControle.Testes.csproj", "{913EAE01-617F-4275-B0E3-5EB16FDA6E19}"
EndProject
Project("{9A19103F-16F7-4668-BE54-9A1E7A4F7556}") = "Fintech.Dominio", "Fintech.Dominio\Fintech.Dominio.csproj", "{3B6B90FF-6E55-4A4D-985E-5A2ED95C0359}"
EndProject
Project("{9A19103F-16F7-4668-BE54-9A1E7A4F7556}") = "Fintech.Correntista.Wpf", "Fintech.Correntista.Wpf\Fintech.Correntista.Wpf.csproj", "{293ACE07-0E89-4109-B81D-0FCEED0792DB}"
EndProject
Project("{FAE04EC0-301F-11D3-BF4B-00C04F79EFBC}") = "Csharp.Capitulo02.GeradorSenhaTests", "Csharp.Capitulo02.GeradorSenhaTests\Csharp.Capitulo02.GeradorSenhaTests.csproj", "{2C4429A6-4092-4776-947E-4D0AB72916D2}"
EndProject
Global
	GlobalSection(SolutionConfigurationPlatforms) = preSolution
		Debug|Any CPU = Debug|Any CPU
		Release|Any CPU = Release|Any CPU
	EndGlobalSection
	GlobalSection(ProjectConfigurationPlatforms) = postSolution
		{B02C0B2E-E220-4F7D-97D7-C07B41407524}.Debug|Any CPU.ActiveCfg = Debug|Any CPU
		{B02C0B2E-E220-4F7D-97D7-C07B41407524}.Debug|Any CPU.Build.0 = Debug|Any CPU
		{B02C0B2E-E220-4F7D-97D7-C07B41407524}.Release|Any CPU.ActiveCfg = Release|Any CPU
		{B02C0B2E-E220-4F7D-97D7-C07B41407524}.Release|Any CPU.Build.0 = Release|Any CPU
		{690D3436-00C0-44E2-976A-C62028B4D096}.Debug|Any CPU.ActiveCfg = Debug|Any CPU
		{690D3436-00C0-44E2-976A-C62028B4D096}.Debug|Any CPU.Build.0 = Debug|Any CPU
		{690D3436-00C0-44E2-976A-C62028B4D096}.Release|Any CPU.ActiveCfg = Release|Any CPU
		{690D3436-00C0-44E2-976A-C62028B4D096}.Release|Any CPU.Build.0 = Release|Any CPU
		{39E16A96-67BE-46F5-A4A0-7C603BDB1292}.Debug|Any CPU.ActiveCfg = Debug|Any CPU
		{39E16A96-67BE-46F5-A4A0-7C603BDB1292}.Debug|Any CPU.Build.0 = Debug|Any CPU
		{39E16A96-67BE-46F5-A4A0-7C603BDB1292}.Release|Any CPU.ActiveCfg = Release|Any CPU
		{39E16A96-67BE-46F5-A4A0-7C603BDB1292}.Release|Any CPU.Build.0 = Release|Any CPU
		{913EAE01-617F-4275-B0E3-5EB16FDA6E19}.Debug|Any CPU.ActiveCfg = Debug|Any CPU
		{913EAE01-617F-4275-B0E3-5EB16FDA6E19}.Debug|Any CPU.Build.0 = Debug|Any CPU
		{913EAE01-617F-4275-B0E3-5EB16FDA6E19}.Release|Any CPU.ActiveCfg = Release|Any CPU
		{913EAE01-617F-4275-B0E3-5EB16FDA6E19}.Release|Any CPU.Build.0 = Release|Any CPU
		{3B6B90FF-6E55-4A4D-985E-5A2ED95C0359}.Debug|Any CPU.ActiveCfg = Debug|Any CPU
		{3B6B90FF-6E55-4A4D-985E-5A2ED95C0359}.Debug|Any CPU.Build.0 = Debug|Any CPU
		{3B6B90FF-6E55-4A4D-985E-5A2ED95C0359}.Release|Any CPU.ActiveCfg = Release|Any CPU
		{3B6B90FF-6E55-4A4D-985E-5A2ED95C0359}.Release|Any CPU.Build.0 = Release|Any CPU
		{293ACE07-0E89-4109-B81D-0FCEED0792DB}.Debug|Any CPU.ActiveCfg = Debug|Any CPU
		{293ACE07-0E89-4109-B81D-0FCEED0792DB}.Debug|Any CPU.Build.0 = Debug|Any CPU
		{293ACE07-0E89-4109-B81D-0FCEED0792DB}.Release|Any CPU.ActiveCfg = Release|Any CPU
		{293ACE07-0E89-4109-B81D-0FCEED0792DB}.Release|Any CPU.Build.0 = Release|Any CPU
		{2C4429A6-4092-4776-947E-4D0AB72916D2}.Debug|Any CPU.ActiveCfg = Debug|Any CPU
		{2C4429A6-4092-4776-947E-4D0AB72916D2}.Debug|Any CPU.Build.0 = Debug|Any CPU
		{2C4429A6-4092-4776-947E-4D0AB72916D2}.Release|Any CPU.ActiveCfg = Release|Any CPU
		{2C4429A6-4092-4776-947E-4D0AB72916D2}.Release|Any CPU.Build.0 = Release|Any CPU
	EndGlobalSection
	GlobalSection(SolutionProperties) = preSolution
		HideSolutionNode = FALSE
	EndGlobalSection
	GlobalSection(ExtensibilityGlobals) = postSolution
		SolutionGuid = {32FAA954-DCF2-43C5-9EFA-EF93CF103E4D}
	EndGlobalSection
EndGlobal
